
Microsoft Visual Studio Solution File, Format Version 12.00
# Visual Studio Version 16
VisualStudioVersion = 16.0.29009.5
MinimumVisualStudioVersion = 10.0.40219.1
Project("{FAE04EC0-301F-11D3-BF4B-00C04F79EFBC}") = "ExportPatientData", "ExportPatientData\ExportPatientData.csproj", "{79159C00-7054-4C8F-8F15-8504129DA3FD}"
EndProject
Global
	GlobalSection(SolutionConfigurationPlatforms) = preSolution
		Debug|Any CPU = Debug|Any CPU
		Debug|x64 = Debug|x64
		Release|Any CPU = Release|Any CPU
		Release|x64 = Release|x64
	EndGlobalSection
	GlobalSection(ProjectConfigurationPlatforms) = postSolution
		{79159C00-7054-4C8F-8F15-8504129DA3FD}.Debug|Any CPU.ActiveCfg = Debug|Any CPU
		{79159C00-7054-4C8F-8F15-8504129DA3FD}.Debug|Any CPU.Build.0 = Debug|Any CPU
		{79159C00-7054-4C8F-8F15-8504129DA3FD}.Debug|x64.ActiveCfg = Debug|x64
		{79159C00-7054-4C8F-8F15-8504129DA3FD}.Debug|x64.Build.0 = Debug|x64
		{79159C00-7054-4C8F-8F15-8504129DA3FD}.Release|Any CPU.ActiveCfg = Release|Any CPU
		{79159C00-7054-4C8F-8F15-8504129DA3FD}.Release|Any CPU.Build.0 = Release|Any CPU
		{79159C00-7054-4C8F-8F15-8504129DA3FD}.Release|x64.ActiveCfg = Release|x64
		{79159C00-7054-4C8F-8F15-8504129DA3FD}.Release|x64.Build.0 = Release|x64
	EndGlobalSection
	GlobalSection(SolutionProperties) = preSolution
		HideSolutionNode = FALSE
	EndGlobalSection
	GlobalSection(ExtensibilityGlobals) = postSolution
		SolutionGuid = {E8E8292B-15CA-4F11-9127-F24237CCA5D8}
	EndGlobalSection
EndGlobal
